<Solution>
  <Folder Name="/Solution Items/">
    <File Path="README.md" />
  </Folder>
  <Folder Name="/src/">
    <Project Path="src/FinTrack.Api/FinTrack.Api.csproj" />
    <Project Path="src/FinTrack.Application/FinTrack.Application.csproj" />
    <Project Path="src/FinTrack.Domain/FinTrack.Domain.csproj" />
    <Project Path="src/FinTrack.Infrastructure/FinTrack.Infrastructure.csproj" />
  </Folder>
  <Folder Name="/tests/">
    <Project Path="tests/FinTrack.Api.Tests/FinTrack.Api.Tests.csproj" />
    <Project Path="tests/FinTrack.Application.Tests/FinTrack.Application.Tests.csproj" />
    <Project Path="tests/FinTrack.Domain.Tests/FinTrack.Domain.Tests.csproj" Id="ed9d994c-3b75-48c3-ad2a-87a5f7e5fbfa" />
  </Folder>
</Solution>
